
Microsoft Visual Studio Solution File, Format Version 12.00
# Visual Studio 15
VisualStudioVersion = 15.0.26403.7
MinimumVisualStudioVersion = 10.0.40219.1
Project("{FAE04EC0-301F-11D3-BF4B-00C04F79EFBC}") = "PrinterApplication", "PrinterApplication\PrinterApplication.csproj", "{7B34410A-9124-46D0-A8D2-CDFFFFA329DC}"
EndProject
Project("{FAE04EC0-301F-11D3-BF4B-00C04F79EFBC}") = "PrinterApplicationTests", "PrinterApplicationTests\PrinterApplicationTests.csproj", "{218F2296-6F09-49AE-9753-907FE7E172EC}"
EndProject
Global
	GlobalSection(SolutionConfigurationPlatforms) = preSolution
		Debug|Any CPU = Debug|Any CPU
		Release|Any CPU = Release|Any CPU
	EndGlobalSection
	GlobalSection(ProjectConfigurationPlatforms) = postSolution
		{7B34410A-9124-46D0-A8D2-CDFFFFA329DC}.Debug|Any CPU.ActiveCfg = Debug|Any CPU
		{7B34410A-9124-46D0-A8D2-CDFFFFA329DC}.Debug|Any CPU.Build.0 = Debug|Any CPU
		{7B34410A-9124-46D0-A8D2-CDFFFFA329DC}.Release|Any CPU.ActiveCfg = Release|Any CPU
		{7B34410A-9124-46D0-A8D2-CDFFFFA329DC}.Release|Any CPU.Build.0 = Release|Any CPU
		{218F2296-6F09-49AE-9753-907FE7E172EC}.Debug|Any CPU.ActiveCfg = Debug|Any CPU
		{218F2296-6F09-49AE-9753-907FE7E172EC}.Debug|Any CPU.Build.0 = Debug|Any CPU
		{218F2296-6F09-49AE-9753-907FE7E172EC}.Release|Any CPU.ActiveCfg = Release|Any CPU
		{218F2296-6F09-49AE-9753-907FE7E172EC}.Release|Any CPU.Build.0 = Release|Any CPU
	EndGlobalSection
	GlobalSection(SolutionProperties) = preSolution
		HideSolutionNode = FALSE
	EndGlobalSection
EndGlobal
